
Microsoft Visual Studio Solution File, Format Version 12.00
# Visual Studio Version 16
VisualStudioVersion = 16.0.29728.190
MinimumVisualStudioVersion = 10.0.40219.1
Project("{FAE04EC0-301F-11D3-BF4B-00C04F79EFBC}") = "GamersGridApp", "GamersGridApp\GamersGridApp.csproj", "{5D4949F0-F5B2-4BA1-A4C2-3CE1E6F5FA36}"
EndProject
Global
	GlobalSection(SolutionConfigurationPlatforms) = preSolution
		Debug|Any CPU = Debug|Any CPU
		Release|Any CPU = Release|Any CPU
	EndGlobalSection
	GlobalSection(ProjectConfigurationPlatforms) = postSolution
		{5D4949F0-F5B2-4BA1-A4C2-3CE1E6F5FA36}.Debug|Any CPU.ActiveCfg = Debug|Any CPU
		{5D4949F0-F5B2-4BA1-A4C2-3CE1E6F5FA36}.Debug|Any CPU.Build.0 = Debug|Any CPU
		{5D4949F0-F5B2-4BA1-A4C2-3CE1E6F5FA36}.Release|Any CPU.ActiveCfg = Release|Any CPU
		{5D4949F0-F5B2-4BA1-A4C2-3CE1E6F5FA36}.Release|Any CPU.Build.0 = Release|Any CPU
	EndGlobalSection
	GlobalSection(SolutionProperties) = preSolution
		HideSolutionNode = FALSE
	EndGlobalSection
	GlobalSection(ExtensibilityGlobals) = postSolution
		SolutionGuid = {C2C08B2B-C427-4177-9511-FABE61F47B17}
	EndGlobalSection
EndGlobal
